// !$*UTF8*$!
{
	archiveVersion = 1;
	classes = {
	};
	objectVersion = 46;
	objects = {

/* Begin PBXBuildFile section */
		8412D4581A58C052001B9115 /* TaskCell.swift in Sources */ = {isa = PBXBuildFile; fileRef = 8412D4571A58C052001B9115 /* TaskCell.swift */; };
		8412D45A1A58DAB6001B9115 /* Taskmodel.swift in Sources */ = {isa = PBXBuildFile; fileRef = 8412D4591A58DAB6001B9115 /* Taskmodel.swift */; };
		8412D45C1A5988A0001B9115 /* TaskDetail.swift in Sources */ = {isa = PBXBuildFile; fileRef = 8412D45B1A5988A0001B9115 /* TaskDetail.swift */; };
		848291661A58B48A00938CF7 /* AppDelegate.swift in Sources */ = {isa = PBXBuildFile; fileRef = 848291651A58B48A00938CF7 /* AppDelegate.swift */; };
		848291681A58B48A00938CF7 /* ViewController.swift in Sources */ = {isa = PBXBuildFile; fileRef = 848291671A58B48A00938CF7 /* ViewController.swift */; };
		8482916B1A58B48A00938CF7 /* Main.storyboard in Resources */ = {isa = PBXBuildFile; fileRef = 848291691A58B48A00938CF7 /* Main.storyboard */; };
		8482916D1A58B48A00938CF7 /* Images.xcassets in Resources */ = {isa = PBXBuildFile; fileRef = 8482916C1A58B48A00938CF7 /* Images.xcassets */; };
		848291701A58B48A00938CF7 /* LaunchScreen.xib in Resources */ = {isa = PBXBuildFile; fileRef = 8482916E1A58B48A00938CF7 /* LaunchScreen.xib */; };
		8482917C1A58B48A00938CF7 /* TaskItTests.swift in Sources */ = {isa = PBXBuildFile; fileRef = 8482917B1A58B48A00938CF7 /* TaskItTests.swift */; };
		84CE691F1A598F45003DD14C /* Date.swift in Sources */ = {isa = PBXBuildFile; fileRef = 84CE691E1A598F45003DD14C /* Date.swift */; };
		84CE69211A5992DF003DD14C /* AddTaskViewController.swift in Sources */ = {isa = PBXBuildFile; fileRef = 84CE69201A5992DF003DD14C /* AddTaskViewController.swift */; };
		84CE69231A5B21BB003DD14C /* CoreData.framework in Frameworks */ = {isa = PBXBuildFile; fileRef = 84CE69221A5B21BB003DD14C /* CoreData.framework */; };
/* End PBXBuildFile section */

/* Begin PBXContainerItemProxy section */
		848291761A58B48A00938CF7 /* PBXContainerItemProxy */ = {
			isa = PBXContainerItemProxy;
			containerPortal = 848291581A58B48A00938CF7 /* Project object */;
			proxyType = 1;
			remoteGlobalIDString = 8482915F1A58B48A00938CF7;
			remoteInfo = TaskIt;
		};
/* End PBXContainerItemProxy section */

/* Begin PBXFileReference section */
		8412D4571A58C052001B9115 /* TaskCell.swift */ = {isa = PBXFileReference; fileEncoding = 4; lastKnownFileType = sourcecode.swift; name = TaskCell.swift; path = ../TaskCell.swift; sourceTree = "<group>"; };
		8412D4591A58DAB6001B9115 /* Taskmodel.swift */ = {isa = PBXFileReference; fileEncoding = 4; lastKnownFileType = sourcecode.swift; path = Taskmodel.swift; sourceTree = "<group>"; };
		8412D45B1A5988A0001B9115 /* TaskDetail.swift */ = {isa = PBXFileReference; fileEncoding = 4; lastKnownFileType = sourcecode.swift; path = TaskDetail.swift; sourceTree = "<group>"; };
		848291601A58B48A00938CF7 /* TaskIt.app */ = {isa = PBXFileReference; explicitFileType = wrapper.application; includeInIndex = 0; path = TaskIt.app; sourceTree = BUILT_PRODUCTS_DIR; };
		848291641A58B48A00938CF7 /* Info.plist */ = {isa = PBXFileReference; lastKnownFileType = text.plist.xml; path = Info.plist; sourceTree = "<group>"; };
		848291651A58B48A00938CF7 /* AppDelegate.swift */ = {isa = PBXFileReference; lastKnownFileType = sourcecode.swift; path = AppDelegate.swift; sourceTree = "<group>"; };
		848291671A58B48A00938CF7 /* ViewController.swift */ = {isa = PBXFileReference; lastKnownFileType = sourcecode.swift; path = ViewController.swift; sourceTree = "<group>"; };
		8482916A1A58B48A00938CF7 /* Base */ = {isa = PBXFileReference; lastKnownFileType = file.storyboard; name = Base; path = Base.lproj/Main.storyboard; sourceTree = "<group>"; };
		8482916C1A58B48A00938CF7 /* Images.xcassets */ = {isa = PBXFileReference; lastKnownFileType = folder.assetcatalog; path = Images.xcassets; sourceTree = "<group>"; };
		8482916F1A58B48A00938CF7 /* Base */ = {isa = PBXFileReference; lastKnownFileType = file.xib; name = Base; path = Base.lproj/LaunchScreen.xib; sourceTree = "<group>"; };
		848291751A58B48A00938CF7 /* TaskItTests.xctest */ = {isa = PBXFileReference; explicitFileType = wrapper.cfbundle; includeInIndex = 0; path = TaskItTests.xctest; sourceTree = BUILT_PRODUCTS_DIR; };
		8482917A1A58B48A00938CF7 /* Info.plist */ = {isa = PBXFileReference; lastKnownFileType = text.plist.xml; path = Info.plist; sourceTree = "<group>"; };
		8482917B1A58B48A00938CF7 /* TaskItTests.swift */ = {isa = PBXFileReference; lastKnownFileType = sourcecode.swift; path = TaskItTests.swift; sourceTree = "<group>"; };
		84CE691E1A598F45003DD14C /* Date.swift */ = {isa = PBXFileReference; fileEncoding = 4; lastKnownFileType = sourcecode.swift; path = Date.swift; sourceTree = "<group>"; };
		84CE69201A5992DF003DD14C /* AddTaskViewController.swift */ = {isa = PBXFileReference; fileEncoding = 4; lastKnownFileType = sourcecode.swift; path = AddTaskViewController.swift; sourceTree = "<group>"; };
		84CE69221A5B21BB003DD14C /* CoreData.framework */ = {isa = PBXFileReference; lastKnownFileType = wrapper.framework; name = CoreData.framework; path = System/Library/Frameworks/CoreData.framework; sourceTree = SDKROOT; };
/* End PBXFileReference section */

/* Begin PBXFrameworksBuildPhase section */
		8482915D1A58B48A00938CF7 /* Frameworks */ = {
			isa = PBXFrameworksBuildPhase;
			buildActionMask = 2147483647;
			files = (
				84CE69231A5B21BB003DD14C /* CoreData.framework in Frameworks */,
			);
			runOnlyForDeploymentPostprocessing = 0;
		};
		848291721A58B48A00938CF7 /* Frameworks */ = {
			isa = PBXFrameworksBuildPhase;
			buildActionMask = 2147483647;
			files = (
			);
			runOnlyForDeploymentPostprocessing = 0;
		};
/* End PBXFrameworksBuildPhase section */

/* Begin PBXGroup section */
		848291571A58B48A00938CF7 = {
			isa = PBXGroup;
			children = (
				848291621A58B48A00938CF7 /* TaskIt */,
				848291781A58B48A00938CF7 /* TaskItTests */,
				848291611A58B48A00938CF7 /* Products */,
			);
			sourceTree = "<group>";
		};
		848291611A58B48A00938CF7 /* Products */ = {
			isa = PBXGroup;
			children = (
				848291601A58B48A00938CF7 /* TaskIt.app */,
				848291751A58B48A00938CF7 /* TaskItTests.xctest */,
			);
			name = Products;
			sourceTree = "<group>";
		};
		848291621A58B48A00938CF7 /* TaskIt */ = {
			isa = PBXGroup;
			children = (
				8412D4571A58C052001B9115 /* TaskCell.swift */,
				848291651A58B48A00938CF7 /* AppDelegate.swift */,
				848291671A58B48A00938CF7 /* ViewController.swift */,
				8412D45B1A5988A0001B9115 /* TaskDetail.swift */,
				84CE69201A5992DF003DD14C /* AddTaskViewController.swift */,
				8412D4591A58DAB6001B9115 /* Taskmodel.swift */,
				84CE691E1A598F45003DD14C /* Date.swift */,
				848291691A58B48A00938CF7 /* Main.storyboard */,
				8482916C1A58B48A00938CF7 /* Images.xcassets */,
				8482916E1A58B48A00938CF7 /* LaunchScreen.xib */,
				848291631A58B48A00938CF7 /* Supporting Files */,
			);
			path = TaskIt;
			sourceTree = "<group>";
		};
		848291631A58B48A00938CF7 /* Supporting Files */ = {
			isa = PBXGroup;
			children = (
				84CE69221A5B21BB003DD14C /* CoreData.framework */,
				848291641A58B48A00938CF7 /* Info.plist */,
			);
			name = "Supporting Files";
			sourceTree = "<group>";
		};
		848291781A58B48A00938CF7 /* TaskItTests */ = {
			isa = PBXGroup;
			children = (
				8482917B1A58B48A00938CF7 /* TaskItTests.swift */,
				848291791A58B48A00938CF7 /* Supporting Files */,
			);
			path = TaskItTests;
			sourceTree = "<group>";
		};
		848291791A58B48A00938CF7 /* Supporting Files */ = {
			isa = PBXGroup;
			children = (
				8482917A1A58B48A00938CF7 /* Info.plist */,
			);
			name = "Supporting Files";
			sourceTree = "<group>";
		};
/* End PBXGroup section */

/* Begin PBXNativeTarget section */
		8482915F1A58B48A00938CF7 /* TaskIt */ = {
			isa = PBXNativeTarget;
			buildConfigurationList = 8482917F1A58B48A00938CF7 /* Build configuration list for PBXNativeTarget "TaskIt" */;
			buildPhases = (
				8482915C1A58B48A00938CF7 /* Sources */,
				8482915D1A58B48A00938CF7 /* Frameworks */,
				8482915E1A58B48A00938CF7 /* Resources */,
			);
			buildRules = (
			);
			dependencies = (
			);
			name = TaskIt;
			productName = TaskIt;
			productReference = 848291601A58B48A00938CF7 /* TaskIt.app */;
			productType = "com.apple.product-type.application";
		};
		848291741A58B48A00938CF7 /* TaskItTests */ = {
			isa = PBXNativeTarget;
			buildConfigurationList = 848291821A58B48A00938CF7 /* Build configuration list for PBXNativeTarget "TaskItTests" */;
			buildPhases = (
				848291711A58B48A00938CF7 /* Sources */,
				848291721A58B48A00938CF7 /* Frameworks */,
				848291731A58B48A00938CF7 /* Resources */,
			);
			buildRules = (
			);
			dependencies = (
				848291771A58B48A00938CF7 /* PBXTargetDependency */,
			);
			name = TaskItTests;
			productName = TaskItTests;
			productReference = 848291751A58B48A00938CF7 /* TaskItTests.xctest */;
			productType = "com.apple.product-type.bundle.unit-test";
		};
/* End PBXNativeTarget section */

/* Begin PBXProject section */
		848291581A58B48A00938CF7 /* Project object */ = {
			isa = PBXProject;
			attributes = {
				LastUpgradeCheck = 0610;
				ORGANIZATIONNAME = "Broke Bytes";
				TargetAttributes = {
					8482915F1A58B48A00938CF7 = {
						CreatedOnToolsVersion = 6.1.1;
						DevelopmentTeam = ZBWANRVW4U;
					};
					848291741A58B48A00938CF7 = {
						CreatedOnToolsVersion = 6.1.1;
						TestTargetID = 8482915F1A58B48A00938CF7;
					};
				};
			};
			buildConfigurationList = 8482915B1A58B48A00938CF7 /* Build configuration list for PBXProject "TaskIt" */;
			compatibilityVersion = "Xcode 3.2";
			developmentRegion = English;
			hasScannedForEncodings = 0;
			knownRegions = (
				en,
				Base,
			);
			mainGroup = 848291571A58B48A00938CF7;
			productRefGroup = 848291611A58B48A00938CF7 /* Products */;
			projectDirPath = "";
			projectRoot = "";
			targets = (
				8482915F1A58B48A00938CF7 /* TaskIt */,
				848291741A58B48A00938CF7 /* TaskItTests */,
			);
		};
/* End PBXProject section */

/* Begin PBXResourcesBuildPhase section */
		8482915E1A58B48A00938CF7 /* Resources */ = {
			isa = PBXResourcesBuildPhase;
			buildActionMask = 2147483647;
			files = (
				8482916B1A58B48A00938CF7 /* Main.storyboard in Resources */,
				848291701A58B48A00938CF7 /* LaunchScreen.xib in Resources */,
				8482916D1A58B48A00938CF7 /* Images.xcassets in Resources */,
			);
			runOnlyForDeploymentPostprocessing = 0;
		};
		848291731A58B48A00938CF7 /* Resources */ = {
			isa = PBXResourcesBuildPhase;
			buildActionMask = 2147483647;
			files = (
			);
			runOnlyForDeploymentPostprocessing = 0;
		};
/* End PBXResourcesBuildPhase section */

/* Begin PBXSourcesBuildPhase section */
		8482915C1A58B48A00938CF7 /* Sources */ = {
			isa = PBXSourcesBuildPhase;
			buildActionMask = 2147483647;
			files = (
				848291681A58B48A00938CF7 /* ViewController.swift in Sources */,
				84CE691F1A598F45003DD14C /* Date.swift in Sources */,
				8412D45C1A5988A0001B9115 /* TaskDetail.swift in Sources */,
				8412D4581A58C052001B9115 /* TaskCell.swift in Sources */,
				8412D45A1A58DAB6001B9115 /* Taskmodel.swift in Sources */,
				848291661A58B48A00938CF7 /* AppDelegate.swift in Sources */,
				84CE69211A5992DF003DD14C /* AddTaskViewController.swift in Sources */,
			);
			runOnlyForDeploymentPostprocessing = 0;
		};
		848291711A58B48A00938CF7 /* Sources */ = {
			isa = PBXSourcesBuildPhase;
			buildActionMask = 2147483647;
			files = (
				8482917C1A58B48A00938CF7 /* TaskItTests.swift in Sources */,
			);
			runOnlyForDeploymentPostprocessing = 0;
		};
/* End PBXSourcesBuildPhase section */

/* Begin PBXTargetDependency section */
		848291771A58B48A00938CF7 /* PBXTargetDependency */ = {
			isa = PBXTargetDependency;
			target = 8482915F1A58B48A00938CF7 /* TaskIt */;
			targetProxy = 848291761A58B48A00938CF7 /* PBXContainerItemProxy */;
		};
/* End PBXTargetDependency section */

/* Begin PBXVariantGroup section */
		848291691A58B48A00938CF7 /* Main.storyboard */ = {
			isa = PBXVariantGroup;
			children = (
				8482916A1A58B48A00938CF7 /* Base */,
			);
			name = Main.storyboard;
			sourceTree = "<group>";
		};
		8482916E1A58B48A00938CF7 /* LaunchScreen.xib */ = {
			isa = PBXVariantGroup;
			children = (
				8482916F1A58B48A00938CF7 /* Base */,
			);
			name = LaunchScreen.xib;
			sourceTree = "<group>";
		};
/* End PBXVariantGroup section */

/* Begin XCBuildConfiguration section */
		8482917D1A58B48A00938CF7 /* Debug */ = {
			isa = XCBuildConfiguration;
			buildSettings = {
				ALWAYS_SEARCH_USER_PATHS = NO;
				CLANG_CXX_LANGUAGE_STANDARD = "gnu++0x";
				CLANG_CXX_LIBRARY = "libc++";
				CLANG_ENABLE_MODULES = YES;
				CLANG_ENABLE_OBJC_ARC = YES;
				CLANG_WARN_BOOL_CONVERSION = YES;
				CLANG_WARN_CONSTANT_CONVERSION = YES;
				CLANG_WARN_DIRECT_OBJC_ISA_USAGE = YES_ERROR;
				CLANG_WARN_EMPTY_BODY = YES;
				CLANG_WARN_ENUM_CONVERSION = YES;
				CLANG_WARN_INT_CONVERSION = YES;
				CLANG_WARN_OBJC_ROOT_CLASS = YES_ERROR;
				CLANG_WARN_UNREACHABLE_CODE = YES;
				CLANG_WARN__DUPLICATE_METHOD_MATCH = YES;
				"CODE_SIGN_IDENTITY[sdk=iphoneos*]" = "iPhone Developer";
				COPY_PHASE_STRIP = NO;
				ENABLE_STRICT_OBJC_MSGSEND = YES;
				GCC_C_LANGUAGE_STANDARD = gnu99;
				GCC_DYNAMIC_NO_PIC = NO;
				GCC_OPTIMIZATION_LEVEL = 0;
				GCC_PREPROCESSOR_DEFINITIONS = (
					"DEBUG=1",
					"$(inherited)",
				);
				GCC_SYMBOLS_PRIVATE_EXTERN = NO;
				GCC_WARN_64_TO_32_BIT_CONVERSION = YES;
				GCC_WARN_ABOUT_RETURN_TYPE = YES_ERROR;
				GCC_WARN_UNDECLARED_SELECTOR = YES;
				GCC_WARN_UNINITIALIZED_AUTOS = YES_AGGRESSIVE;
				GCC_WARN_UNUSED_FUNCTION = YES;
				GCC_WARN_UNUSED_VARIABLE = YES;
				IPHONEOS_DEPLOYMENT_TARGET = 8.1;
				MTL_ENABLE_DEBUG_INFO = YES;
				ONLY_ACTIVE_ARCH = YES;
				SDKROOT = iphoneos;
				SWIFT_OPTIMIZATION_LEVEL = "-Onone";
				TARGETED_DEVICE_FAMILY = "1,2";
			};
			name = Debug;
		};
		8482917E1A58B48A00938CF7 /* Release */ = {
			isa = XCBuildConfiguration;
			buildSettings = {
				ALWAYS_SEARCH_USER_PATHS = NO;
				CLANG_CXX_LANGUAGE_STANDARD = "gnu++0x";
				CLANG_CXX_LIBRARY = "libc++";
				CLANG_ENABLE_MODULES = YES;
				CLANG_ENABLE_OBJC_ARC = YES;
				CLANG_WARN_BOOL_CONVERSION = YES;
				CLANG_WARN_CONSTANT_CONVERSION = YES;
				CLANG_WARN_DIRECT_OBJC_ISA_USAGE = YES_ERROR;
				CLANG_WARN_EMPTY_BODY = YES;
				CLANG_WARN_ENUM_CONVERSION = YES;
				CLANG_WARN_INT_CONVERSION = YES;
				CLANG_WARN_OBJC_ROOT_CLASS = YES_ERROR;
				CLANG_WARN_UNREACHABLE_CODE = YES;
				CLANG_WARN__DUPLICATE_METHOD_MATCH = YES;
				"CODE_SIGN_IDENTITY[sdk=iphoneos*]" = "iPhone Developer";
				COPY_PHASE_STRIP = YES;
				ENABLE_NS_ASSERTIONS = NO;
				ENABLE_STRICT_OBJC_MSGSEND = YES;
				GCC_C_LANGUAGE_STANDARD = gnu99;
				GCC_WARN_64_TO_32_BIT_CONVERSION = YES;
				GCC_WARN_ABOUT_RETURN_TYPE = YES_ERROR;
				GCC_WARN_UNDECLARED_SELECTOR = YES;
				GCC_WARN_UNINITIALIZED_AUTOS = YES_AGGRESSIVE;
				GCC_WARN_UNUSED_FUNCTION = YES;
				GCC_WARN_UNUSED_VARIABLE = YES;
				IPHONEOS_DEPLOYMENT_TARGET = 8.1;
				MTL_ENABLE_DEBUG_INFO = NO;
				SDKROOT = iphoneos;
				TARGETED_DEVICE_FAMILY = "1,2";
				VALIDATE_PRODUCT = YES;
			};
			name = Release;
		};
		848291801A58B48A00938CF7 /* Debug */ = {
			isa = XCBuildConfiguration;
			buildSettings = {
				ASSETCATALOG_COMPILER_APPICON_NAME = AppIcon;
				CODE_SIGN_IDENTITY = "iPhone Developer";
				INFOPLIST_FILE = TaskIt/Info.plist;
				LD_RUNPATH_SEARCH_PATHS = "$(inherited) @executable_path/Frameworks";
				PRODUCT_NAME = "$(TARGET_NAME)";
			};
			name = Debug;
		};
		848291811A58B48A00938CF7 /* Release */ = {
			isa = XCBuildConfiguration;
			buildSettings = {
				ASSETCATALOG_COMPILER_APPICON_NAME = AppIcon;
				CODE_SIGN_IDENTITY = "iPhone Developer";
				INFOPLIST_FILE = TaskIt/Info.plist;
				LD_RUNPATH_SEARCH_PATHS = "$(inherited) @executable_path/Frameworks";
				PRODUCT_NAME = "$(TARGET_NAME)";
			};
			name = Release;
		};
		848291831A58B48A00938CF7 /* Debug */ = {
			isa = XCBuildConfiguration;
			buildSettings = {
				BUNDLE_LOADER = "$(TEST_HOST)";
				FRAMEWORK_SEARCH_PATHS = (
					"$(SDKROOT)/Developer/Library/Frameworks",
					"$(inherited)",
				);
				GCC_PREPROCESSOR_DEFINITIONS = (
					"DEBUG=1",
					"$(inherited)",
				);
				INFOPLIST_FILE = TaskItTests/Info.plist;
				LD_RUNPATH_SEARCH_PATHS = "$(inherited) @executable_path/Frameworks @loader_path/Frameworks";
				PRODUCT_NAME = "$(TARGET_NAME)";
				TEST_HOST = "$(BUILT_PRODUCTS_DIR)/TaskIt.app/TaskIt";
			};
			name = Debug;
		};
		848291841A58B48A00938CF7 /* Release */ = {
			isa = XCBuildConfiguration;
			buildSettings = {
				BUNDLE_LOADER = "$(TEST_HOST)";
				FRAMEWORK_SEARCH_PATHS = (
					"$(SDKROOT)/Developer/Library/Frameworks",
					"$(inherited)",
				);
				INFOPLIST_FILE = TaskItTests/Info.plist;
				LD_RUNPATH_SEARCH_PATHS = "$(inherited) @executable_path/Frameworks @loader_path/Frameworks";
				PRODUCT_NAME = "$(TARGET_NAME)";
				TEST_HOST = "$(BUILT_PRODUCTS_DIR)/TaskIt.app/TaskIt";
			};
			name = Release;
		};
/* End XCBuildConfiguration section */

/* Begin XCConfigurationList section */
		8482915B1A58B48A00938CF7 /* Build configuration list for PBXProject "TaskIt" */ = {
			isa = XCConfigurationList;
			buildConfigurations = (
				8482917D1A58B48A00938CF7 /* Debug */,
				8482917E1A58B48A00938CF7 /* Release */,
			);
			defaultConfigurationIsVisible = 0;
			defaultConfigurationName = Release;
		};
		8482917F1A58B48A00938CF7 /* Build configuration list for PBXNativeTarget "TaskIt" */ = {
			isa = XCConfigurationList;
			buildConfigurations = (
				848291801A58B48A00938CF7 /* Debug */,
				848291811A58B48A00938CF7 /* Release */,
			);
			defaultConfigurationIsVisible = 0;
			defaultConfigurationName = Release;
		};
		848291821A58B48A00938CF7 /* Build configuration list for PBXNativeTarget "TaskItTests" */ = {
			isa = XCConfigurationList;
			buildConfigurations = (
				848291831A58B48A00938CF7 /* Debug */,
				848291841A58B48A00938CF7 /* Release */,
			);
			defaultConfigurationIsVisible = 0;
			defaultConfigurationName = Release;
		};
/* End XCConfigurationList section */
	};
	rootObject = 848291581A58B48A00938CF7 /* Project object */;
}
